
Microsoft Visual Studio Solution File, Format Version 12.00
# Visual Studio Version 16
VisualStudioVersion = 16.0.34601.136
MinimumVisualStudioVersion = 10.0.40219.1
Project("{FAE04EC0-301F-11D3-BF4B-00C04F79EFBC}") = "BTLinq2", "BTLinq24\BTLinq2.csproj", "{F1A3AEF3-CB3A-4247-850B-7FFC05105224}"
EndProject
Global
	GlobalSection(SolutionConfigurationPlatforms) = preSolution
		Debug|Any CPU = Debug|Any CPU
		Release|Any CPU = Release|Any CPU
	EndGlobalSection
	GlobalSection(ProjectConfigurationPlatforms) = postSolution
		{F1A3AEF3-CB3A-4247-850B-7FFC05105224}.Debug|Any CPU.ActiveCfg = Debug|Any CPU
		{F1A3AEF3-CB3A-4247-850B-7FFC05105224}.Debug|Any CPU.Build.0 = Debug|Any CPU
		{F1A3AEF3-CB3A-4247-850B-7FFC05105224}.Release|Any CPU.ActiveCfg = Release|Any CPU
		{F1A3AEF3-CB3A-4247-850B-7FFC05105224}.Release|Any CPU.Build.0 = Release|Any CPU
	EndGlobalSection
	GlobalSection(SolutionProperties) = preSolution
		HideSolutionNode = FALSE
	EndGlobalSection
	GlobalSection(ExtensibilityGlobals) = postSolution
		SolutionGuid = {E1815F92-C17D-42F1-8828-68508AA22F54}
	EndGlobalSection
EndGlobal
